// !$*UTF8*$!
{
	archiveVersion = 1;
	classes = {
	};
	objectVersion = 50;
	objects = {

/* Begin PBXBuildFile section */
		03DE4E5D20E9DE2100DA214D /* AppDelegate.swift in Sources */ = {isa = PBXBuildFile; fileRef = 03DE4E5C20E9DE2100DA214D /* AppDelegate.swift */; };
		03DE4E5F20E9DE2100DA214D /* ViewController.swift in Sources */ = {isa = PBXBuildFile; fileRef = 03DE4E5E20E9DE2100DA214D /* ViewController.swift */; };
		03DE4E6220E9DE2100DA214D /* Main.storyboard in Resources */ = {isa = PBXBuildFile; fileRef = 03DE4E6020E9DE2100DA214D /* Main.storyboard */; };
		03DE4E6420E9DE2200DA214D /* Assets.xcassets in Resources */ = {isa = PBXBuildFile; fileRef = 03DE4E6320E9DE2200DA214D /* Assets.xcassets */; };
		03DE4E6720E9DE2200DA214D /* LaunchScreen.storyboard in Resources */ = {isa = PBXBuildFile; fileRef = 03DE4E6520E9DE2200DA214D /* LaunchScreen.storyboard */; };
/* End PBXBuildFile section */

/* Begin PBXFileReference section */
		03DE4E5920E9DE2100DA214D /* BasicAutoLayout.app */ = {isa = PBXFileReference; explicitFileType = wrapper.application; includeInIndex = 0; path = BasicAutoLayout.app; sourceTree = BUILT_PRODUCTS_DIR; };
		03DE4E5C20E9DE2100DA214D /* AppDelegate.swift */ = {isa = PBXFileReference; lastKnownFileType = sourcecode.swift; path = AppDelegate.swift; sourceTree = "<group>"; };
		03DE4E5E20E9DE2100DA214D /* ViewController.swift */ = {isa = PBXFileReference; lastKnownFileType = sourcecode.swift; path = ViewController.swift; sourceTree = "<group>"; };
		03DE4E6120E9DE2100DA214D /* Base */ = {isa = PBXFileReference; lastKnownFileType = file.storyboard; name = Base; path = Base.lproj/Main.storyboard; sourceTree = "<group>"; };
		03DE4E6320E9DE2200DA214D /* Assets.xcassets */ = {isa = PBXFileReference; lastKnownFileType = folder.assetcatalog; path = Assets.xcassets; sourceTree = "<group>"; };
		03DE4E6620E9DE2200DA214D /* Base */ = {isa = PBXFileReference; lastKnownFileType = file.storyboard; name = Base; path = Base.lproj/LaunchScreen.storyboard; sourceTree = "<group>"; };
		03DE4E6820E9DE2200DA214D /* Info.plist */ = {isa = PBXFileReference; lastKnownFileType = text.plist.xml; path = Info.plist; sourceTree = "<group>"; };
		03DE4E6F20E9E18700DA214D /* Exercises.md */ = {isa = PBXFileReference; lastKnownFileType = net.daringfireball.markdown; path = Exercises.md; sourceTree = "<group>"; };
/* End PBXFileReference section */

/* Begin PBXFrameworksBuildPhase section */
		03DE4E5620E9DE2100DA214D /* Frameworks */ = {
			isa = PBXFrameworksBuildPhase;
			buildActionMask = 2147483647;
			files = (
			);
			runOnlyForDeploymentPostprocessing = 0;
		};
/* End PBXFrameworksBuildPhase section */

/* Begin PBXGroup section */
		03DE4E5020E9DE2100DA214D = {
			isa = PBXGroup;
			children = (
				03DE4E5B20E9DE2100DA214D /* BasicAutoLayout */,
				03DE4E5A20E9DE2100DA214D /* Products */,
			);
			sourceTree = "<group>";
		};
		03DE4E5A20E9DE2100DA214D /* Products */ = {
			isa = PBXGroup;
			children = (
				03DE4E5920E9DE2100DA214D /* BasicAutoLayout.app */,
			);
			name = Products;
			sourceTree = "<group>";
		};
		03DE4E5B20E9DE2100DA214D /* BasicAutoLayout */ = {
			isa = PBXGroup;
			children = (
				03DE4E6020E9DE2100DA214D /* Main.storyboard */,
				03DE4E6F20E9E18700DA214D /* Exercises.md */,
				03DE4E5E20E9DE2100DA214D /* ViewController.swift */,
				03DE4E6E20E9DE3100DA214D /* Supporting Files */,
			);
			path = BasicAutoLayout;
			sourceTree = "<group>";
		};
		03DE4E6E20E9DE3100DA214D /* Supporting Files */ = {
			isa = PBXGroup;
			children = (
				03DE4E5C20E9DE2100DA214D /* AppDelegate.swift */,
				03DE4E6320E9DE2200DA214D /* Assets.xcassets */,
				03DE4E6520E9DE2200DA214D /* LaunchScreen.storyboard */,
				03DE4E6820E9DE2200DA214D /* Info.plist */,
			);
			name = "Supporting Files";
			sourceTree = "<group>";
		};
/* End PBXGroup section */

/* Begin PBXNativeTarget section */
		03DE4E5820E9DE2100DA214D /* BasicAutoLayout */ = {
			isa = PBXNativeTarget;
			buildConfigurationList = 03DE4E6B20E9DE2200DA214D /* Build configuration list for PBXNativeTarget "BasicAutoLayout" */;
			buildPhases = (
				03DE4E5520E9DE2100DA214D /* Sources */,
				03DE4E5620E9DE2100DA214D /* Frameworks */,
				03DE4E5720E9DE2100DA214D /* Resources */,
			);
			buildRules = (
			);
			dependencies = (
			);
			name = BasicAutoLayout;
			productName = BasicAutoLayout;
			productReference = 03DE4E5920E9DE2100DA214D /* BasicAutoLayout.app */;
			productType = "com.apple.product-type.application";
		};
/* End PBXNativeTarget section */

/* Begin PBXProject section */
		03DE4E5120E9DE2100DA214D /* Project object */ = {
			isa = PBXProject;
			attributes = {
				LastSwiftUpdateCheck = 0940;
				LastUpgradeCheck = 0940;
				ORGANIZATIONNAME = UMSL;
				TargetAttributes = {
					03DE4E5820E9DE2100DA214D = {
						CreatedOnToolsVersion = 9.4;
					};
				};
			};
			buildConfigurationList = 03DE4E5420E9DE2100DA214D /* Build configuration list for PBXProject "BasicAutoLayout" */;
			compatibilityVersion = "Xcode 9.3";
			developmentRegion = en;
			hasScannedForEncodings = 0;
			knownRegions = (
				en,
				Base,
			);
			mainGroup = 03DE4E5020E9DE2100DA214D;
			productRefGroup = 03DE4E5A20E9DE2100DA214D /* Products */;
			projectDirPath = "";
			projectRoot = "";
			targets = (
				03DE4E5820E9DE2100DA214D /* BasicAutoLayout */,
			);
		};
/* End PBXProject section */

/* Begin PBXResourcesBuildPhase section */
		03DE4E5720E9DE2100DA214D /* Resources */ = {
			isa = PBXResourcesBuildPhase;
			buildActionMask = 2147483647;
			files = (
				03DE4E6720E9DE2200DA214D /* LaunchScreen.storyboard in Resources */,
				03DE4E6420E9DE2200DA214D /* Assets.xcassets in Resources */,
				03DE4E6220E9DE2100DA214D /* Main.storyboard in Resources */,
			);
			runOnlyForDeploymentPostprocessing = 0;
		};
/* End PBXResourcesBuildPhase section */

/* Begin PBXSourcesBuildPhase section */
		03DE4E5520E9DE2100DA214D /* Sources */ = {
			isa = PBXSourcesBuildPhase;
			buildActionMask = 2147483647;
			files = (
				03DE4E5F20E9DE2100DA214D /* ViewController.swift in Sources */,
				03DE4E5D20E9DE2100DA214D /* AppDelegate.swift in Sources */,
			);
			runOnlyForDeploymentPostprocessing = 0;
		};
/* End PBXSourcesBuildPhase section */

/* Begin PBXVariantGroup section */
		03DE4E6020E9DE2100DA214D /* Main.storyboard */ = {
			isa = PBXVariantGroup;
			children = (
				03DE4E6120E9DE2100DA214D /* Base */,
			);
			name = Main.storyboard;
			sourceTree = "<group>";
		};
		03DE4E6520E9DE2200DA214D /* LaunchScreen.storyboard */ = {
			isa = PBXVariantGroup;
			children = (
				03DE4E6620E9DE2200DA214D /* Base */,
			);
			name = LaunchScreen.storyboard;
			sourceTree = "<group>";
		};
/* End PBXVariantGroup section */

/* Begin XCBuildConfiguration section */
		03DE4E6920E9DE2200DA214D /* Debug */ = {
			isa = XCBuildConfiguration;
			buildSettings = {
				ALWAYS_SEARCH_USER_PATHS = NO;
				CLANG_ANALYZER_NONNULL = YES;
				CLANG_ANALYZER_NUMBER_OBJECT_CONVERSION = YES_AGGRESSIVE;
				CLANG_CXX_LANGUAGE_STANDARD = "gnu++14";
				CLANG_CXX_LIBRARY = "libc++";
				CLANG_ENABLE_MODULES = YES;
				CLANG_ENABLE_OBJC_ARC = YES;
				CLANG_ENABLE_OBJC_WEAK = YES;
				CLANG_WARN_BLOCK_CAPTURE_AUTORELEASING = YES;
				CLANG_WARN_BOOL_CONVERSION = YES;
				CLANG_WARN_COMMA = YES;
				CLANG_WARN_CONSTANT_CONVERSION = YES;
				CLANG_WARN_DEPRECATED_OBJC_IMPLEMENTATIONS = YES;
				CLANG_WARN_DIRECT_OBJC_ISA_USAGE = YES_ERROR;
				CLANG_WARN_DOCUMENTATION_COMMENTS = YES;
				CLANG_WARN_EMPTY_BODY = YES;
				CLANG_WARN_ENUM_CONVERSION = YES;
				CLANG_WARN_INFINITE_RECURSION = YES;
				CLANG_WARN_INT_CONVERSION = YES;
				CLANG_WARN_NON_LITERAL_NULL_CONVERSION = YES;
				CLANG_WARN_OBJC_IMPLICIT_RETAIN_SELF = YES;
				CLANG_WARN_OBJC_LITERAL_CONVERSION = YES;
				CLANG_WARN_OBJC_ROOT_CLASS = YES_ERROR;
				CLANG_WARN_RANGE_LOOP_ANALYSIS = YES;
				CLANG_WARN_STRICT_PROTOTYPES = YES;
				CLANG_WARN_SUSPICIOUS_MOVE = YES;
				CLANG_WARN_UNGUARDED_AVAILABILITY = YES_AGGRESSIVE;
				CLANG_WARN_UNREACHABLE_CODE = YES;
				CLANG_WARN__DUPLICATE_METHOD_MATCH = YES;
				CODE_SIGN_IDENTITY = "iPhone Developer";
				COPY_PHASE_STRIP = NO;
				DEBUG_INFORMATION_FORMAT = dwarf;
				ENABLE_STRICT_OBJC_MSGSEND = YES;
				ENABLE_TESTABILITY = YES;
				GCC_C_LANGUAGE_STANDARD = gnu11;
				GCC_DYNAMIC_NO_PIC = NO;
				GCC_NO_COMMON_BLOCKS = YES;
				GCC_OPTIMIZATION_LEVEL = 0;
				GCC_PREPROCESSOR_DEFINITIONS = (
					"DEBUG=1",
					"$(inherited)",
				);
				GCC_WARN_64_TO_32_BIT_CONVERSION = YES;
				GCC_WARN_ABOUT_RETURN_TYPE = YES_ERROR;
				GCC_WARN_UNDECLARED_SELECTOR = YES;
				GCC_WARN_UNINITIALIZED_AUTOS = YES_AGGRESSIVE;
				GCC_WARN_UNUSED_FUNCTION = YES;
				GCC_WARN_UNUSED_VARIABLE = YES;
				IPHONEOS_DEPLOYMENT_TARGET = 11.4;
				MTL_ENABLE_DEBUG_INFO = YES;
				ONLY_ACTIVE_ARCH = YES;
				SDKROOT = iphoneos;
				SWIFT_ACTIVE_COMPILATION_CONDITIONS = DEBUG;
				SWIFT_OPTIMIZATION_LEVEL = "-Onone";
			};
			name = Debug;
		};
		03DE4E6A20E9DE2200DA214D /* Release */ = {
			isa = XCBuildConfiguration;
			buildSettings = {
				ALWAYS_SEARCH_USER_PATHS = NO;
				CLANG_ANALYZER_NONNULL = YES;
				CLANG_ANALYZER_NUMBER_OBJECT_CONVERSION = YES_AGGRESSIVE;
				CLANG_CXX_LANGUAGE_STANDARD = "gnu++14";
				CLANG_CXX_LIBRARY = "libc++";
				CLANG_ENABLE_MODULES = YES;
				CLANG_ENABLE_OBJC_ARC = YES;
				CLANG_ENABLE_OBJC_WEAK = YES;
				CLANG_WARN_BLOCK_CAPTURE_AUTORELEASING = YES;
				CLANG_WARN_BOOL_CONVERSION = YES;
				CLANG_WARN_COMMA = YES;
				CLANG_WARN_CONSTANT_CONVERSION = YES;
				CLANG_WARN_DEPRECATED_OBJC_IMPLEMENTATIONS = YES;
				CLANG_WARN_DIRECT_OBJC_ISA_USAGE = YES_ERROR;
				CLANG_WARN_DOCUMENTATION_COMMENTS = YES;
				CLANG_WARN_EMPTY_BODY = YES;
				CLANG_WARN_ENUM_CONVERSION = YES;
				CLANG_WARN_INFINITE_RECURSION = YES;
				CLANG_WARN_INT_CONVERSION = YES;
				CLANG_WARN_NON_LITERAL_NULL_CONVERSION = YES;
				CLANG_WARN_OBJC_IMPLICIT_RETAIN_SELF = YES;
				CLANG_WARN_OBJC_LITERAL_CONVERSION = YES;
				CLANG_WARN_OBJC_ROOT_CLASS = YES_ERROR;
				CLANG_WARN_RANGE_LOOP_ANALYSIS = YES;
				CLANG_WARN_STRICT_PROTOTYPES = YES;
				CLANG_WARN_SUSPICIOUS_MOVE = YES;
				CLANG_WARN_UNGUARDED_AVAILABILITY = YES_AGGRESSIVE;
				CLANG_WARN_UNREACHABLE_CODE = YES;
				CLANG_WARN__DUPLICATE_METHOD_MATCH = YES;
				CODE_SIGN_IDENTITY = "iPhone Developer";
				COPY_PHASE_STRIP = NO;
				DEBUG_INFORMATION_FORMAT = "dwarf-with-dsym";
				ENABLE_NS_ASSERTIONS = NO;
				ENABLE_STRICT_OBJC_MSGSEND = YES;
				GCC_C_LANGUAGE_STANDARD = gnu11;
				GCC_NO_COMMON_BLOCKS = YES;
				GCC_WARN_64_TO_32_BIT_CONVERSION = YES;
				GCC_WARN_ABOUT_RETURN_TYPE = YES_ERROR;
				GCC_WARN_UNDECLARED_SELECTOR = YES;
				GCC_WARN_UNINITIALIZED_AUTOS = YES_AGGRESSIVE;
				GCC_WARN_UNUSED_FUNCTION = YES;
				GCC_WARN_UNUSED_VARIABLE = YES;
				IPHONEOS_DEPLOYMENT_TARGET = 11.4;
				MTL_ENABLE_DEBUG_INFO = NO;
				SDKROOT = iphoneos;
				SWIFT_COMPILATION_MODE = wholemodule;
				SWIFT_OPTIMIZATION_LEVEL = "-O";
				VALIDATE_PRODUCT = YES;
			};
			name = Release;
		};
		03DE4E6C20E9DE2200DA214D /* Debug */ = {
			isa = XCBuildConfiguration;
			buildSettings = {
				ASSETCATALOG_COMPILER_APPICON_NAME = AppIcon;
				CODE_SIGN_STYLE = Automatic;
				INFOPLIST_FILE = BasicAutoLayout/Info.plist;
				LD_RUNPATH_SEARCH_PATHS = (
					"$(inherited)",
					"@executable_path/Frameworks",
				);
				PRODUCT_BUNDLE_IDENTIFIER = edu.umsl.BasicAutoLayout;
				PRODUCT_NAME = "$(TARGET_NAME)";
				SWIFT_VERSION = 4.0;
				TARGETED_DEVICE_FAMILY = "1,2";
			};
			name = Debug;
		};
		03DE4E6D20E9DE2200DA214D /* Release */ = {
			isa = XCBuildConfiguration;
			buildSettings = {
				ASSETCATALOG_COMPILER_APPICON_NAME = AppIcon;
				CODE_SIGN_STYLE = Automatic;
				INFOPLIST_FILE = BasicAutoLayout/Info.plist;
				LD_RUNPATH_SEARCH_PATHS = (
					"$(inherited)",
					"@executable_path/Frameworks",
				);
				PRODUCT_BUNDLE_IDENTIFIER = edu.umsl.BasicAutoLayout;
				PRODUCT_NAME = "$(TARGET_NAME)";
				SWIFT_VERSION = 4.0;
				TARGETED_DEVICE_FAMILY = "1,2";
			};
			name = Release;
		};
/* End XCBuildConfiguration section */

/* Begin XCConfigurationList section */
		03DE4E5420E9DE2100DA214D /* Build configuration list for PBXProject "BasicAutoLayout" */ = {
			isa = XCConfigurationList;
			buildConfigurations = (
				03DE4E6920E9DE2200DA214D /* Debug */,
				03DE4E6A20E9DE2200DA214D /* Release */,
			);
			defaultConfigurationIsVisible = 0;
			defaultConfigurationName = Release;
		};
		03DE4E6B20E9DE2200DA214D /* Build configuration list for PBXNativeTarget "BasicAutoLayout" */ = {
			isa = XCConfigurationList;
			buildConfigurations = (
				03DE4E6C20E9DE2200DA214D /* Debug */,
				03DE4E6D20E9DE2200DA214D /* Release */,
			);
			defaultConfigurationIsVisible = 0;
			defaultConfigurationName = Release;
		};
/* End XCConfigurationList section */
	};
	rootObject = 03DE4E5120E9DE2100DA214D /* Project object */;
}
